// !$*UTF8*$!
{
	archiveVersion = 1;
	classes = {
	};
	objectVersion = 46;
	objects = {

/* Begin PBXBuildFile section */
		BF34EE1B1C5C8B6200EBB126 /* AppDelegate.swift in Sources */ = {isa = PBXBuildFile; fileRef = BF34EE1A1C5C8B6200EBB126 /* AppDelegate.swift */; };
		BF34EE201C5C8B6200EBB126 /* Main.storyboard in Resources */ = {isa = PBXBuildFile; fileRef = BF34EE1E1C5C8B6200EBB126 /* Main.storyboard */; };
		BF34EE221C5C8B6200EBB126 /* Assets.xcassets in Resources */ = {isa = PBXBuildFile; fileRef = BF34EE211C5C8B6200EBB126 /* Assets.xcassets */; };
		BF34EE251C5C8B6200EBB126 /* LaunchScreen.storyboard in Resources */ = {isa = PBXBuildFile; fileRef = BF34EE231C5C8B6200EBB126 /* LaunchScreen.storyboard */; };
		BF34EE301C5C8B6300EBB126 /* YottaTests.swift in Sources */ = {isa = PBXBuildFile; fileRef = BF34EE2F1C5C8B6300EBB126 /* YottaTests.swift */; };
		BF34EE3B1C5C8B6300EBB126 /* YottaUITests.swift in Sources */ = {isa = PBXBuildFile; fileRef = BF34EE3A1C5C8B6300EBB126 /* YottaUITests.swift */; };
		BF34EE4A1C5D302700EBB126 /* AVFoundation.framework in Frameworks */ = {isa = PBXBuildFile; fileRef = BF34EE491C5D302700EBB126 /* AVFoundation.framework */; };
		BF34EE4C1C5D30E600EBB126 /* AudioToolbox.framework in Frameworks */ = {isa = PBXBuildFile; fileRef = BF34EE4B1C5D30E600EBB126 /* AudioToolbox.framework */; };
		BF34EE4F1C5D43FB00EBB126 /* punch.mp3 in Resources */ = {isa = PBXBuildFile; fileRef = BF34EE4E1C5D43FB00EBB126 /* punch.mp3 */; };
		BF34EE531C5D4A1B00EBB126 /* YottaSoundPlayer.swift in Sources */ = {isa = PBXBuildFile; fileRef = BF34EE521C5D4A1B00EBB126 /* YottaSoundPlayer.swift */; };
		BF34EE551C5DA9D100EBB126 /* kadowaki_yotta.mp3 in Resources */ = {isa = PBXBuildFile; fileRef = BF34EE541C5DA9D100EBB126 /* kadowaki_yotta.mp3 */; };
		C52417545C3FD88CC084F291 /* Pods_Yotta.framework in Frameworks */ = {isa = PBXBuildFile; fileRef = E679AA34AF91D69E027DE845 /* Pods_Yotta.framework */; };
		EF1AD9571C5DA4CB00F8E735 /* GraphViewController.swift in Sources */ = {isa = PBXBuildFile; fileRef = EF1AD9561C5DA4CB00F8E735 /* GraphViewController.swift */; };
		EF1AD9591C5DA4EC00F8E735 /* MapViewController.swift in Sources */ = {isa = PBXBuildFile; fileRef = EF1AD9581C5DA4EC00F8E735 /* MapViewController.swift */; };
		EF5133271C5CA192003955F5 /* DriverViewController.swift in Sources */ = {isa = PBXBuildFile; fileRef = EF5133261C5CA192003955F5 /* DriverViewController.swift */; };
		EF5133291C5CA1AA003955F5 /* YotterViewController.swift in Sources */ = {isa = PBXBuildFile; fileRef = EF5133281C5CA1AA003955F5 /* YotterViewController.swift */; };
		EF51332C1C5CA5F4003955F5 /* YotterView.swift in Sources */ = {isa = PBXBuildFile; fileRef = EF51332B1C5CA5F4003955F5 /* YotterView.swift */; };
		EF51332F1C5CB26D003955F5 /* Translate.swift in Sources */ = {isa = PBXBuildFile; fileRef = EF51332E1C5CB26D003955F5 /* Translate.swift */; };
		EF5133311C5CB3BA003955F5 /* Constants.swift in Sources */ = {isa = PBXBuildFile; fileRef = EF5133301C5CB3BA003955F5 /* Constants.swift */; };
		EF5133351C5CE1E1003955F5 /* DriveView.swift in Sources */ = {isa = PBXBuildFile; fileRef = EF5133341C5CE1E1003955F5 /* DriveView.swift */; };
		EF5133371C5CE87F003955F5 /* Driver.swift in Sources */ = {isa = PBXBuildFile; fileRef = EF5133361C5CE87F003955F5 /* Driver.swift */; };
		EF52AE081C5D4F030076581B /* DriverDetailView.swift in Sources */ = {isa = PBXBuildFile; fileRef = EF52AE071C5D4F030076581B /* DriverDetailView.swift */; };
		EFBF396F1C5D3755005C1D68 /* DriverDetailViewController.swift in Sources */ = {isa = PBXBuildFile; fileRef = EFBF396E1C5D3755005C1D68 /* DriverDetailViewController.swift */; };
		EFDBD69B1C5C9840000F43DF /* Yotter.swift in Sources */ = {isa = PBXBuildFile; fileRef = EFDBD69A1C5C9840000F43DF /* Yotter.swift */; };
/* End PBXBuildFile section */

/* Begin PBXContainerItemProxy section */
		BF34EE2C1C5C8B6300EBB126 /* PBXContainerItemProxy */ = {
			isa = PBXContainerItemProxy;
			containerPortal = BF34EE0F1C5C8B6200EBB126 /* Project object */;
			proxyType = 1;
			remoteGlobalIDString = BF34EE161C5C8B6200EBB126;
			remoteInfo = Yotta;
		};
		BF34EE371C5C8B6300EBB126 /* PBXContainerItemProxy */ = {
			isa = PBXContainerItemProxy;
			containerPortal = BF34EE0F1C5C8B6200EBB126 /* Project object */;
			proxyType = 1;
			remoteGlobalIDString = BF34EE161C5C8B6200EBB126;
			remoteInfo = Yotta;
		};
/* End PBXContainerItemProxy section */

/* Begin PBXFileReference section */
		4CED86633843D1EE82B00B15 /* Pods-Yotta.debug.xcconfig */ = {isa = PBXFileReference; includeInIndex = 1; lastKnownFileType = text.xcconfig; name = "Pods-Yotta.debug.xcconfig"; path = "Pods/Target Support Files/Pods-Yotta/Pods-Yotta.debug.xcconfig"; sourceTree = "<group>"; };
		84BDE5827C23FFD654A3C17A /* Pods-Yotta.release.xcconfig */ = {isa = PBXFileReference; includeInIndex = 1; lastKnownFileType = text.xcconfig; name = "Pods-Yotta.release.xcconfig"; path = "Pods/Target Support Files/Pods-Yotta/Pods-Yotta.release.xcconfig"; sourceTree = "<group>"; };
		BF34EE171C5C8B6200EBB126 /* Yotta.app */ = {isa = PBXFileReference; explicitFileType = wrapper.application; includeInIndex = 0; path = Yotta.app; sourceTree = BUILT_PRODUCTS_DIR; };
		BF34EE1A1C5C8B6200EBB126 /* AppDelegate.swift */ = {isa = PBXFileReference; lastKnownFileType = sourcecode.swift; path = AppDelegate.swift; sourceTree = "<group>"; };
		BF34EE1F1C5C8B6200EBB126 /* Base */ = {isa = PBXFileReference; lastKnownFileType = file.storyboard; name = Base; path = Base.lproj/Main.storyboard; sourceTree = "<group>"; };
		BF34EE211C5C8B6200EBB126 /* Assets.xcassets */ = {isa = PBXFileReference; lastKnownFileType = folder.assetcatalog; path = Assets.xcassets; sourceTree = "<group>"; };
		BF34EE241C5C8B6200EBB126 /* Base */ = {isa = PBXFileReference; lastKnownFileType = file.storyboard; name = Base; path = Base.lproj/LaunchScreen.storyboard; sourceTree = "<group>"; };
		BF34EE261C5C8B6200EBB126 /* Info.plist */ = {isa = PBXFileReference; lastKnownFileType = text.plist.xml; path = Info.plist; sourceTree = "<group>"; };
		BF34EE2B1C5C8B6300EBB126 /* YottaTests.xctest */ = {isa = PBXFileReference; explicitFileType = wrapper.cfbundle; includeInIndex = 0; path = YottaTests.xctest; sourceTree = BUILT_PRODUCTS_DIR; };
		BF34EE2F1C5C8B6300EBB126 /* YottaTests.swift */ = {isa = PBXFileReference; lastKnownFileType = sourcecode.swift; path = YottaTests.swift; sourceTree = "<group>"; };
		BF34EE311C5C8B6300EBB126 /* Info.plist */ = {isa = PBXFileReference; lastKnownFileType = text.plist.xml; path = Info.plist; sourceTree = "<group>"; };
		BF34EE361C5C8B6300EBB126 /* YottaUITests.xctest */ = {isa = PBXFileReference; explicitFileType = wrapper.cfbundle; includeInIndex = 0; path = YottaUITests.xctest; sourceTree = BUILT_PRODUCTS_DIR; };
		BF34EE3A1C5C8B6300EBB126 /* YottaUITests.swift */ = {isa = PBXFileReference; lastKnownFileType = sourcecode.swift; path = YottaUITests.swift; sourceTree = "<group>"; };
		BF34EE3C1C5C8B6300EBB126 /* Info.plist */ = {isa = PBXFileReference; lastKnownFileType = text.plist.xml; path = Info.plist; sourceTree = "<group>"; };
		BF34EE481C5D1A1700EBB126 /* Yotta-Bridging-Header.h */ = {isa = PBXFileReference; lastKnownFileType = sourcecode.c.h; path = "Yotta-Bridging-Header.h"; sourceTree = "<group>"; };
		BF34EE491C5D302700EBB126 /* AVFoundation.framework */ = {isa = PBXFileReference; lastKnownFileType = wrapper.framework; name = AVFoundation.framework; path = System/Library/Frameworks/AVFoundation.framework; sourceTree = SDKROOT; };
		BF34EE4B1C5D30E600EBB126 /* AudioToolbox.framework */ = {isa = PBXFileReference; lastKnownFileType = wrapper.framework; name = AudioToolbox.framework; path = System/Library/Frameworks/AudioToolbox.framework; sourceTree = SDKROOT; };
		BF34EE4E1C5D43FB00EBB126 /* punch.mp3 */ = {isa = PBXFileReference; lastKnownFileType = audio.mp3; path = punch.mp3; sourceTree = "<group>"; };
		BF34EE521C5D4A1B00EBB126 /* YottaSoundPlayer.swift */ = {isa = PBXFileReference; fileEncoding = 4; lastKnownFileType = sourcecode.swift; path = YottaSoundPlayer.swift; sourceTree = "<group>"; };
		BF34EE541C5DA9D100EBB126 /* kadowaki_yotta.mp3 */ = {isa = PBXFileReference; lastKnownFileType = audio.mp3; path = kadowaki_yotta.mp3; sourceTree = "<group>"; };
		E679AA34AF91D69E027DE845 /* Pods_Yotta.framework */ = {isa = PBXFileReference; explicitFileType = wrapper.framework; includeInIndex = 0; path = Pods_Yotta.framework; sourceTree = BUILT_PRODUCTS_DIR; };
		EF1AD9561C5DA4CB00F8E735 /* GraphViewController.swift */ = {isa = PBXFileReference; fileEncoding = 4; lastKnownFileType = sourcecode.swift; name = GraphViewController.swift; path = ViewController/GraphViewController.swift; sourceTree = "<group>"; };
		EF1AD9581C5DA4EC00F8E735 /* MapViewController.swift */ = {isa = PBXFileReference; fileEncoding = 4; lastKnownFileType = sourcecode.swift; name = MapViewController.swift; path = ViewController/MapViewController.swift; sourceTree = "<group>"; };
		EF5133261C5CA192003955F5 /* DriverViewController.swift */ = {isa = PBXFileReference; fileEncoding = 4; lastKnownFileType = sourcecode.swift; name = DriverViewController.swift; path = ViewController/DriverViewController.swift; sourceTree = "<group>"; };
		EF5133281C5CA1AA003955F5 /* YotterViewController.swift */ = {isa = PBXFileReference; fileEncoding = 4; lastKnownFileType = sourcecode.swift; name = YotterViewController.swift; path = ViewController/YotterViewController.swift; sourceTree = "<group>"; };
		EF51332B1C5CA5F4003955F5 /* YotterView.swift */ = {isa = PBXFileReference; fileEncoding = 4; lastKnownFileType = sourcecode.swift; name = YotterView.swift; path = View/YotterView.swift; sourceTree = "<group>"; };
		EF51332E1C5CB26D003955F5 /* Translate.swift */ = {isa = PBXFileReference; fileEncoding = 4; lastKnownFileType = sourcecode.swift; path = Translate.swift; sourceTree = "<group>"; };
		EF5133301C5CB3BA003955F5 /* Constants.swift */ = {isa = PBXFileReference; fileEncoding = 4; lastKnownFileType = sourcecode.swift; path = Constants.swift; sourceTree = "<group>"; };
		EF5133341C5CE1E1003955F5 /* DriveView.swift */ = {isa = PBXFileReference; fileEncoding = 4; lastKnownFileType = sourcecode.swift; name = DriveView.swift; path = View/DriveView.swift; sourceTree = "<group>"; };
		EF5133361C5CE87F003955F5 /* Driver.swift */ = {isa = PBXFileReference; fileEncoding = 4; lastKnownFileType = sourcecode.swift; path = Driver.swift; sourceTree = "<group>"; };
		EF52AE071C5D4F030076581B /* DriverDetailView.swift */ = {isa = PBXFileReference; fileEncoding = 4; lastKnownFileType = sourcecode.swift; name = DriverDetailView.swift; path = View/DriverDetailView.swift; sourceTree = "<group>"; };
		EFBF396E1C5D3755005C1D68 /* DriverDetailViewController.swift */ = {isa = PBXFileReference; fileEncoding = 4; lastKnownFileType = sourcecode.swift; name = DriverDetailViewController.swift; path = ViewController/DriverDetailViewController.swift; sourceTree = "<group>"; };
		EFDBD69A1C5C9840000F43DF /* Yotter.swift */ = {isa = PBXFileReference; fileEncoding = 4; lastKnownFileType = sourcecode.swift; path = Yotter.swift; sourceTree = "<group>"; };
/* End PBXFileReference section */

/* Begin PBXFrameworksBuildPhase section */
		BF34EE141C5C8B6200EBB126 /* Frameworks */ = {
			isa = PBXFrameworksBuildPhase;
			buildActionMask = 2147483647;
			files = (
				BF34EE4C1C5D30E600EBB126 /* AudioToolbox.framework in Frameworks */,
				BF34EE4A1C5D302700EBB126 /* AVFoundation.framework in Frameworks */,
				C52417545C3FD88CC084F291 /* Pods_Yotta.framework in Frameworks */,
			);
			runOnlyForDeploymentPostprocessing = 0;
		};
		BF34EE281C5C8B6300EBB126 /* Frameworks */ = {
			isa = PBXFrameworksBuildPhase;
			buildActionMask = 2147483647;
			files = (
			);
			runOnlyForDeploymentPostprocessing = 0;
		};
		BF34EE331C5C8B6300EBB126 /* Frameworks */ = {
			isa = PBXFrameworksBuildPhase;
			buildActionMask = 2147483647;
			files = (
			);
			runOnlyForDeploymentPostprocessing = 0;
		};
/* End PBXFrameworksBuildPhase section */

/* Begin PBXGroup section */
		13E94911766F65A83A15A6B0 /* Pods */ = {
			isa = PBXGroup;
			children = (
				4CED86633843D1EE82B00B15 /* Pods-Yotta.debug.xcconfig */,
				84BDE5827C23FFD654A3C17A /* Pods-Yotta.release.xcconfig */,
			);
			name = Pods;
			sourceTree = "<group>";
		};
		BF11689AC0041CCDA39262B8 /* Frameworks */ = {
			isa = PBXGroup;
			children = (
				BF34EE4B1C5D30E600EBB126 /* AudioToolbox.framework */,
				BF34EE491C5D302700EBB126 /* AVFoundation.framework */,
				E679AA34AF91D69E027DE845 /* Pods_Yotta.framework */,
			);
			name = Frameworks;
			sourceTree = "<group>";
		};
		BF34EE0E1C5C8B6200EBB126 = {
			isa = PBXGroup;
			children = (
				BF34EE191C5C8B6200EBB126 /* Yotta */,
				BF34EE2E1C5C8B6300EBB126 /* YottaTests */,
				BF34EE391C5C8B6300EBB126 /* YottaUITests */,
				BF34EE181C5C8B6200EBB126 /* Products */,
				13E94911766F65A83A15A6B0 /* Pods */,
				BF11689AC0041CCDA39262B8 /* Frameworks */,
			);
			sourceTree = "<group>";
		};
		BF34EE181C5C8B6200EBB126 /* Products */ = {
			isa = PBXGroup;
			children = (
				BF34EE171C5C8B6200EBB126 /* Yotta.app */,
				BF34EE2B1C5C8B6300EBB126 /* YottaTests.xctest */,
				BF34EE361C5C8B6300EBB126 /* YottaUITests.xctest */,
			);
			name = Products;
			sourceTree = "<group>";
		};
		BF34EE191C5C8B6200EBB126 /* Yotta */ = {
			isa = PBXGroup;
			children = (
				BF34EE4D1C5D43DE00EBB126 /* sounds */,
				EF51332A1C5CA5D9003955F5 /* View */,
				EF5133251C5C9F85003955F5 /* ViewController */,
				EFDBD6991C5C9815000F43DF /* Model */,
				BF34EE1A1C5C8B6200EBB126 /* AppDelegate.swift */,
				EF5133301C5CB3BA003955F5 /* Constants.swift */,
				BF34EE1E1C5C8B6200EBB126 /* Main.storyboard */,
				BF34EE211C5C8B6200EBB126 /* Assets.xcassets */,
				BF34EE231C5C8B6200EBB126 /* LaunchScreen.storyboard */,
				BF34EE261C5C8B6200EBB126 /* Info.plist */,
				BF34EE481C5D1A1700EBB126 /* Yotta-Bridging-Header.h */,
			);
			path = Yotta;
			sourceTree = "<group>";
		};
		BF34EE2E1C5C8B6300EBB126 /* YottaTests */ = {
			isa = PBXGroup;
			children = (
				BF34EE2F1C5C8B6300EBB126 /* YottaTests.swift */,
				BF34EE311C5C8B6300EBB126 /* Info.plist */,
			);
			path = YottaTests;
			sourceTree = "<group>";
		};
		BF34EE391C5C8B6300EBB126 /* YottaUITests */ = {
			isa = PBXGroup;
			children = (
				BF34EE3A1C5C8B6300EBB126 /* YottaUITests.swift */,
				BF34EE3C1C5C8B6300EBB126 /* Info.plist */,
			);
			path = YottaUITests;
			sourceTree = "<group>";
		};
		BF34EE4D1C5D43DE00EBB126 /* sounds */ = {
			isa = PBXGroup;
			children = (
				BF34EE541C5DA9D100EBB126 /* kadowaki_yotta.mp3 */,
				BF34EE4E1C5D43FB00EBB126 /* punch.mp3 */,
			);
			name = sounds;
			sourceTree = "<group>";
		};
		EF5133251C5C9F85003955F5 /* ViewController */ = {
			isa = PBXGroup;
			children = (
				EF5133261C5CA192003955F5 /* DriverViewController.swift */,
				EFBF396E1C5D3755005C1D68 /* DriverDetailViewController.swift */,
				EF5133281C5CA1AA003955F5 /* YotterViewController.swift */,
				EF1AD9561C5DA4CB00F8E735 /* GraphViewController.swift */,
				EF1AD9581C5DA4EC00F8E735 /* MapViewController.swift */,
			);
			name = ViewController;
			sourceTree = "<group>";
		};
		EF51332A1C5CA5D9003955F5 /* View */ = {
			isa = PBXGroup;
			children = (
				EF5133341C5CE1E1003955F5 /* DriveView.swift */,
				EF52AE071C5D4F030076581B /* DriverDetailView.swift */,
				EF51332B1C5CA5F4003955F5 /* YotterView.swift */,
			);
			name = View;
			sourceTree = "<group>";
		};
		EFDBD6991C5C9815000F43DF /* Model */ = {
			isa = PBXGroup;
			children = (
				EF5133361C5CE87F003955F5 /* Driver.swift */,
				EFDBD69A1C5C9840000F43DF /* Yotter.swift */,
				EF51332E1C5CB26D003955F5 /* Translate.swift */,
				BF34EE521C5D4A1B00EBB126 /* YottaSoundPlayer.swift */,
			);
			path = Model;
			sourceTree = "<group>";
		};
/* End PBXGroup section */

/* Begin PBXNativeTarget section */
		BF34EE161C5C8B6200EBB126 /* Yotta */ = {
			isa = PBXNativeTarget;
			buildConfigurationList = BF34EE3F1C5C8B6300EBB126 /* Build configuration list for PBXNativeTarget "Yotta" */;
			buildPhases = (
				0FBADCD721C910CABBD74F9D /* Check Pods Manifest.lock */,
				BF34EE131C5C8B6200EBB126 /* Sources */,
				BF34EE141C5C8B6200EBB126 /* Frameworks */,
				BF34EE151C5C8B6200EBB126 /* Resources */,
				A10AAFE66767B3B3524CBA56 /* Embed Pods Frameworks */,
				C9B671E125EBF3FB3AD0AFA5 /* Copy Pods Resources */,
			);
			buildRules = (
			);
			dependencies = (
			);
			name = Yotta;
			productName = Yotta;
			productReference = BF34EE171C5C8B6200EBB126 /* Yotta.app */;
			productType = "com.apple.product-type.application";
		};
		BF34EE2A1C5C8B6300EBB126 /* YottaTests */ = {
			isa = PBXNativeTarget;
			buildConfigurationList = BF34EE421C5C8B6300EBB126 /* Build configuration list for PBXNativeTarget "YottaTests" */;
			buildPhases = (
				BF34EE271C5C8B6300EBB126 /* Sources */,
				BF34EE281C5C8B6300EBB126 /* Frameworks */,
				BF34EE291C5C8B6300EBB126 /* Resources */,
			);
			buildRules = (
			);
			dependencies = (
				BF34EE2D1C5C8B6300EBB126 /* PBXTargetDependency */,
			);
			name = YottaTests;
			productName = YottaTests;
			productReference = BF34EE2B1C5C8B6300EBB126 /* YottaTests.xctest */;
			productType = "com.apple.product-type.bundle.unit-test";
		};
		BF34EE351C5C8B6300EBB126 /* YottaUITests */ = {
			isa = PBXNativeTarget;
			buildConfigurationList = BF34EE451C5C8B6300EBB126 /* Build configuration list for PBXNativeTarget "YottaUITests" */;
			buildPhases = (
				BF34EE321C5C8B6300EBB126 /* Sources */,
				BF34EE331C5C8B6300EBB126 /* Frameworks */,
				BF34EE341C5C8B6300EBB126 /* Resources */,
			);
			buildRules = (
			);
			dependencies = (
				BF34EE381C5C8B6300EBB126 /* PBXTargetDependency */,
			);
			name = YottaUITests;
			productName = YottaUITests;
			productReference = BF34EE361C5C8B6300EBB126 /* YottaUITests.xctest */;
			productType = "com.apple.product-type.bundle.ui-testing";
		};
/* End PBXNativeTarget section */

/* Begin PBXProject section */
		BF34EE0F1C5C8B6200EBB126 /* Project object */ = {
			isa = PBXProject;
			attributes = {
				LastSwiftUpdateCheck = 0720;
				LastUpgradeCheck = 0720;
				ORGANIZATIONNAME = cherrasco;
				TargetAttributes = {
					BF34EE161C5C8B6200EBB126 = {
						CreatedOnToolsVersion = 7.2;
						DevelopmentTeam = HYP4BUD3C6;
						SystemCapabilities = {
							com.apple.BackgroundModes = {
								enabled = 1;
							};
							com.apple.Push = {
								enabled = 1;
							};
						};
					};
					BF34EE2A1C5C8B6300EBB126 = {
						CreatedOnToolsVersion = 7.2;
						TestTargetID = BF34EE161C5C8B6200EBB126;
					};
					BF34EE351C5C8B6300EBB126 = {
						CreatedOnToolsVersion = 7.2;
						TestTargetID = BF34EE161C5C8B6200EBB126;
					};
				};
			};
			buildConfigurationList = BF34EE121C5C8B6200EBB126 /* Build configuration list for PBXProject "Yotta" */;
			compatibilityVersion = "Xcode 3.2";
			developmentRegion = English;
			hasScannedForEncodings = 0;
			knownRegions = (
				en,
				Base,
			);
			mainGroup = BF34EE0E1C5C8B6200EBB126;
			productRefGroup = BF34EE181C5C8B6200EBB126 /* Products */;
			projectDirPath = "";
			projectRoot = "";
			targets = (
				BF34EE161C5C8B6200EBB126 /* Yotta */,
				BF34EE2A1C5C8B6300EBB126 /* YottaTests */,
				BF34EE351C5C8B6300EBB126 /* YottaUITests */,
			);
		};
/* End PBXProject section */

/* Begin PBXResourcesBuildPhase section */
		BF34EE151C5C8B6200EBB126 /* Resources */ = {
			isa = PBXResourcesBuildPhase;
			buildActionMask = 2147483647;
			files = (
				BF34EE551C5DA9D100EBB126 /* kadowaki_yotta.mp3 in Resources */,
				BF34EE251C5C8B6200EBB126 /* LaunchScreen.storyboard in Resources */,
				BF34EE4F1C5D43FB00EBB126 /* punch.mp3 in Resources */,
				BF34EE221C5C8B6200EBB126 /* Assets.xcassets in Resources */,
				BF34EE201C5C8B6200EBB126 /* Main.storyboard in Resources */,
			);
			runOnlyForDeploymentPostprocessing = 0;
		};
		BF34EE291C5C8B6300EBB126 /* Resources */ = {
			isa = PBXResourcesBuildPhase;
			buildActionMask = 2147483647;
			files = (
			);
			runOnlyForDeploymentPostprocessing = 0;
		};
		BF34EE341C5C8B6300EBB126 /* Resources */ = {
			isa = PBXResourcesBuildPhase;
			buildActionMask = 2147483647;
			files = (
			);
			runOnlyForDeploymentPostprocessing = 0;
		};
/* End PBXResourcesBuildPhase section */

/* Begin PBXShellScriptBuildPhase section */
		0FBADCD721C910CABBD74F9D /* Check Pods Manifest.lock */ = {
			isa = PBXShellScriptBuildPhase;
			buildActionMask = 2147483647;
			files = (
			);
			inputPaths = (
			);
			name = "Check Pods Manifest.lock";
			outputPaths = (
			);
			runOnlyForDeploymentPostprocessing = 0;
			shellPath = /bin/sh;
			shellScript = "diff \"${PODS_ROOT}/../Podfile.lock\" \"${PODS_ROOT}/Manifest.lock\" > /dev/null\nif [[ $? != 0 ]] ; then\n    cat << EOM\nerror: The sandbox is not in sync with the Podfile.lock. Run 'pod install' or update your CocoaPods installation.\nEOM\n    exit 1\nfi\n";
			showEnvVarsInLog = 0;
		};
		A10AAFE66767B3B3524CBA56 /* Embed Pods Frameworks */ = {
			isa = PBXShellScriptBuildPhase;
			buildActionMask = 2147483647;
			files = (
			);
			inputPaths = (
			);
			name = "Embed Pods Frameworks";
			outputPaths = (
			);
			runOnlyForDeploymentPostprocessing = 0;
			shellPath = /bin/sh;
			shellScript = "\"${SRCROOT}/Pods/Target Support Files/Pods-Yotta/Pods-Yotta-frameworks.sh\"\n";
			showEnvVarsInLog = 0;
		};
		C9B671E125EBF3FB3AD0AFA5 /* Copy Pods Resources */ = {
			isa = PBXShellScriptBuildPhase;
			buildActionMask = 2147483647;
			files = (
			);
			inputPaths = (
			);
			name = "Copy Pods Resources";
			outputPaths = (
			);
			runOnlyForDeploymentPostprocessing = 0;
			shellPath = /bin/sh;
			shellScript = "\"${SRCROOT}/Pods/Target Support Files/Pods-Yotta/Pods-Yotta-resources.sh\"\n";
			showEnvVarsInLog = 0;
		};
/* End PBXShellScriptBuildPhase section */

/* Begin PBXSourcesBuildPhase section */
		BF34EE131C5C8B6200EBB126 /* Sources */ = {
			isa = PBXSourcesBuildPhase;
			buildActionMask = 2147483647;
			files = (
				EF51332F1C5CB26D003955F5 /* Translate.swift in Sources */,
				BF34EE531C5D4A1B00EBB126 /* YottaSoundPlayer.swift in Sources */,
				EF5133291C5CA1AA003955F5 /* YotterViewController.swift in Sources */,
				EF51332C1C5CA5F4003955F5 /* YotterView.swift in Sources */,
				EF52AE081C5D4F030076581B /* DriverDetailView.swift in Sources */,
				EF5133271C5CA192003955F5 /* DriverViewController.swift in Sources */,
				EF5133311C5CB3BA003955F5 /* Constants.swift in Sources */,
				EF1AD9591C5DA4EC00F8E735 /* MapViewController.swift in Sources */,
				EFDBD69B1C5C9840000F43DF /* Yotter.swift in Sources */,
				EF5133371C5CE87F003955F5 /* Driver.swift in Sources */,
				BF34EE1B1C5C8B6200EBB126 /* AppDelegate.swift in Sources */,
				EF1AD9571C5DA4CB00F8E735 /* GraphViewController.swift in Sources */,
				EFBF396F1C5D3755005C1D68 /* DriverDetailViewController.swift in Sources */,
				EF5133351C5CE1E1003955F5 /* DriveView.swift in Sources */,
			);
			runOnlyForDeploymentPostprocessing = 0;
		};
		BF34EE271C5C8B6300EBB126 /* Sources */ = {
			isa = PBXSourcesBuildPhase;
			buildActionMask = 2147483647;
			files = (
				BF34EE301C5C8B6300EBB126 /* YottaTests.swift in Sources */,
			);
			runOnlyForDeploymentPostprocessing = 0;
		};
		BF34EE321C5C8B6300EBB126 /* Sources */ = {
			isa = PBXSourcesBuildPhase;
			buildActionMask = 2147483647;
			files = (
				BF34EE3B1C5C8B6300EBB126 /* YottaUITests.swift in Sources */,
			);
			runOnlyForDeploymentPostprocessing = 0;
		};
/* End PBXSourcesBuildPhase section */

/* Begin PBXTargetDependency section */
		BF34EE2D1C5C8B6300EBB126 /* PBXTargetDependency */ = {
			isa = PBXTargetDependency;
			target = BF34EE161C5C8B6200EBB126 /* Yotta */;
			targetProxy = BF34EE2C1C5C8B6300EBB126 /* PBXContainerItemProxy */;
		};
		BF34EE381C5C8B6300EBB126 /* PBXTargetDependency */ = {
			isa = PBXTargetDependency;
			target = BF34EE161C5C8B6200EBB126 /* Yotta */;
			targetProxy = BF34EE371C5C8B6300EBB126 /* PBXContainerItemProxy */;
		};
/* End PBXTargetDependency section */

/* Begin PBXVariantGroup section */
		BF34EE1E1C5C8B6200EBB126 /* Main.storyboard */ = {
			isa = PBXVariantGroup;
			children = (
				BF34EE1F1C5C8B6200EBB126 /* Base */,
			);
			name = Main.storyboard;
			sourceTree = "<group>";
		};
		BF34EE231C5C8B6200EBB126 /* LaunchScreen.storyboard */ = {
			isa = PBXVariantGroup;
			children = (
				BF34EE241C5C8B6200EBB126 /* Base */,
			);
			name = LaunchScreen.storyboard;
			sourceTree = "<group>";
		};
/* End PBXVariantGroup section */

/* Begin XCBuildConfiguration section */
		BF34EE3D1C5C8B6300EBB126 /* Debug */ = {
			isa = XCBuildConfiguration;
			buildSettings = {
				ALWAYS_SEARCH_USER_PATHS = NO;
				CLANG_CXX_LANGUAGE_STANDARD = "gnu++0x";
				CLANG_CXX_LIBRARY = "libc++";
				CLANG_ENABLE_MODULES = YES;
				CLANG_ENABLE_OBJC_ARC = YES;
				CLANG_WARN_BOOL_CONVERSION = YES;
				CLANG_WARN_CONSTANT_CONVERSION = YES;
				CLANG_WARN_DIRECT_OBJC_ISA_USAGE = YES_ERROR;
				CLANG_WARN_EMPTY_BODY = YES;
				CLANG_WARN_ENUM_CONVERSION = YES;
				CLANG_WARN_INT_CONVERSION = YES;
				CLANG_WARN_OBJC_ROOT_CLASS = YES_ERROR;
				CLANG_WARN_UNREACHABLE_CODE = YES;
				CLANG_WARN__DUPLICATE_METHOD_MATCH = YES;
				"CODE_SIGN_IDENTITY[sdk=iphoneos*]" = "iPhone Developer";
				COPY_PHASE_STRIP = NO;
				DEBUG_INFORMATION_FORMAT = dwarf;
				ENABLE_BITCODE = NO;
				ENABLE_STRICT_OBJC_MSGSEND = YES;
				ENABLE_TESTABILITY = YES;
				GCC_C_LANGUAGE_STANDARD = gnu99;
				GCC_DYNAMIC_NO_PIC = NO;
				GCC_NO_COMMON_BLOCKS = YES;
				GCC_OPTIMIZATION_LEVEL = 0;
				GCC_PREPROCESSOR_DEFINITIONS = (
					"DEBUG=1",
					"$(inherited)",
				);
				GCC_WARN_64_TO_32_BIT_CONVERSION = YES;
				GCC_WARN_ABOUT_RETURN_TYPE = YES_ERROR;
				GCC_WARN_UNDECLARED_SELECTOR = YES;
				GCC_WARN_UNINITIALIZED_AUTOS = YES_AGGRESSIVE;
				GCC_WARN_UNUSED_FUNCTION = YES;
				GCC_WARN_UNUSED_VARIABLE = YES;
				IPHONEOS_DEPLOYMENT_TARGET = 9.2;
				MTL_ENABLE_DEBUG_INFO = YES;
				ONLY_ACTIVE_ARCH = YES;
				SDKROOT = iphoneos;
				SWIFT_OPTIMIZATION_LEVEL = "-Onone";
			};
			name = Debug;
		};
		BF34EE3E1C5C8B6300EBB126 /* Release */ = {
			isa = XCBuildConfiguration;
			buildSettings = {
				ALWAYS_SEARCH_USER_PATHS = NO;
				CLANG_CXX_LANGUAGE_STANDARD = "gnu++0x";
				CLANG_CXX_LIBRARY = "libc++";
				CLANG_ENABLE_MODULES = YES;
				CLANG_ENABLE_OBJC_ARC = YES;
				CLANG_WARN_BOOL_CONVERSION = YES;
				CLANG_WARN_CONSTANT_CONVERSION = YES;
				CLANG_WARN_DIRECT_OBJC_ISA_USAGE = YES_ERROR;
				CLANG_WARN_EMPTY_BODY = YES;
				CLANG_WARN_ENUM_CONVERSION = YES;
				CLANG_WARN_INT_CONVERSION = YES;
				CLANG_WARN_OBJC_ROOT_CLASS = YES_ERROR;
				CLANG_WARN_UNREACHABLE_CODE = YES;
				CLANG_WARN__DUPLICATE_METHOD_MATCH = YES;
				"CODE_SIGN_IDENTITY[sdk=iphoneos*]" = "iPhone Developer";
				COPY_PHASE_STRIP = NO;
				DEBUG_INFORMATION_FORMAT = "dwarf-with-dsym";
				ENABLE_BITCODE = NO;
				ENABLE_NS_ASSERTIONS = NO;
				ENABLE_STRICT_OBJC_MSGSEND = YES;
				GCC_C_LANGUAGE_STANDARD = gnu99;
				GCC_NO_COMMON_BLOCKS = YES;
				GCC_WARN_64_TO_32_BIT_CONVERSION = YES;
				GCC_WARN_ABOUT_RETURN_TYPE = YES_ERROR;
				GCC_WARN_UNDECLARED_SELECTOR = YES;
				GCC_WARN_UNINITIALIZED_AUTOS = YES_AGGRESSIVE;
				GCC_WARN_UNUSED_FUNCTION = YES;
				GCC_WARN_UNUSED_VARIABLE = YES;
				IPHONEOS_DEPLOYMENT_TARGET = 9.2;
				MTL_ENABLE_DEBUG_INFO = NO;
				SDKROOT = iphoneos;
				VALIDATE_PRODUCT = YES;
			};
			name = Release;
		};
		BF34EE401C5C8B6300EBB126 /* Debug */ = {
			isa = XCBuildConfiguration;
			baseConfigurationReference = 4CED86633843D1EE82B00B15 /* Pods-Yotta.debug.xcconfig */;
			buildSettings = {
				ASSETCATALOG_COMPILER_APPICON_NAME = AppIcon;
				CODE_SIGN_IDENTITY = "iPhone Developer";
				"CODE_SIGN_IDENTITY[sdk=iphoneos*]" = "iPhone Developer";
				INFOPLIST_FILE = Yotta/Info.plist;
				LD_RUNPATH_SEARCH_PATHS = "$(inherited) @executable_path/Frameworks";
				PRODUCT_BUNDLE_IDENTIFIER = com.cherrasco.Yotta;
				PRODUCT_NAME = "$(TARGET_NAME)";
				PROVISIONING_PROFILE = "";
				SWIFT_OBJC_BRIDGING_HEADER = "Yotta/Yotta-Bridging-Header.h";
			};
			name = Debug;
		};
		BF34EE411C5C8B6300EBB126 /* Release */ = {
			isa = XCBuildConfiguration;
			baseConfigurationReference = 84BDE5827C23FFD654A3C17A /* Pods-Yotta.release.xcconfig */;
			buildSettings = {
				ASSETCATALOG_COMPILER_APPICON_NAME = AppIcon;
				CODE_SIGN_IDENTITY = "iPhone Developer";
				"CODE_SIGN_IDENTITY[sdk=iphoneos*]" = "iPhone Developer";
				INFOPLIST_FILE = Yotta/Info.plist;
				LD_RUNPATH_SEARCH_PATHS = "$(inherited) @executable_path/Frameworks";
				PRODUCT_BUNDLE_IDENTIFIER = com.cherrasco.Yotta;
				PRODUCT_NAME = "$(TARGET_NAME)";
				PROVISIONING_PROFILE = "";
				SWIFT_OBJC_BRIDGING_HEADER = "Yotta/Yotta-Bridging-Header.h";
			};
			name = Release;
		};
		BF34EE431C5C8B6300EBB126 /* Debug */ = {
			isa = XCBuildConfiguration;
			buildSettings = {
				BUNDLE_LOADER = "$(TEST_HOST)";
				INFOPLIST_FILE = YottaTests/Info.plist;
				LD_RUNPATH_SEARCH_PATHS = "$(inherited) @executable_path/Frameworks @loader_path/Frameworks";
				PRODUCT_BUNDLE_IDENTIFIER = com.cherrasco.YottaTests;
				PRODUCT_NAME = "$(TARGET_NAME)";
				TEST_HOST = "$(BUILT_PRODUCTS_DIR)/Yotta.app/Yotta";
			};
			name = Debug;
		};
		BF34EE441C5C8B6300EBB126 /* Release */ = {
			isa = XCBuildConfiguration;
			buildSettings = {
				BUNDLE_LOADER = "$(TEST_HOST)";
				INFOPLIST_FILE = YottaTests/Info.plist;
				LD_RUNPATH_SEARCH_PATHS = "$(inherited) @executable_path/Frameworks @loader_path/Frameworks";
				PRODUCT_BUNDLE_IDENTIFIER = com.cherrasco.YottaTests;
				PRODUCT_NAME = "$(TARGET_NAME)";
				TEST_HOST = "$(BUILT_PRODUCTS_DIR)/Yotta.app/Yotta";
			};
			name = Release;
		};
		BF34EE461C5C8B6300EBB126 /* Debug */ = {
			isa = XCBuildConfiguration;
			buildSettings = {
				INFOPLIST_FILE = YottaUITests/Info.plist;
				LD_RUNPATH_SEARCH_PATHS = "$(inherited) @executable_path/Frameworks @loader_path/Frameworks";
				PRODUCT_BUNDLE_IDENTIFIER = com.cherrasco.YottaUITests;
				PRODUCT_NAME = "$(TARGET_NAME)";
				TEST_TARGET_NAME = Yotta;
				USES_XCTRUNNER = YES;
			};
			name = Debug;
		};
		BF34EE471C5C8B6300EBB126 /* Release */ = {
			isa = XCBuildConfiguration;
			buildSettings = {
				INFOPLIST_FILE = YottaUITests/Info.plist;
				LD_RUNPATH_SEARCH_PATHS = "$(inherited) @executable_path/Frameworks @loader_path/Frameworks";
				PRODUCT_BUNDLE_IDENTIFIER = com.cherrasco.YottaUITests;
				PRODUCT_NAME = "$(TARGET_NAME)";
				TEST_TARGET_NAME = Yotta;
				USES_XCTRUNNER = YES;
			};
			name = Release;
		};
/* End XCBuildConfiguration section */

/* Begin XCConfigurationList section */
		BF34EE121C5C8B6200EBB126 /* Build configuration list for PBXProject "Yotta" */ = {
			isa = XCConfigurationList;
			buildConfigurations = (
				BF34EE3D1C5C8B6300EBB126 /* Debug */,
				BF34EE3E1C5C8B6300EBB126 /* Release */,
			);
			defaultConfigurationIsVisible = 0;
			defaultConfigurationName = Release;
		};
		BF34EE3F1C5C8B6300EBB126 /* Build configuration list for PBXNativeTarget "Yotta" */ = {
			isa = XCConfigurationList;
			buildConfigurations = (
				BF34EE401C5C8B6300EBB126 /* Debug */,
				BF34EE411C5C8B6300EBB126 /* Release */,
			);
			defaultConfigurationIsVisible = 0;
			defaultConfigurationName = Release;
		};
		BF34EE421C5C8B6300EBB126 /* Build configuration list for PBXNativeTarget "YottaTests" */ = {
			isa = XCConfigurationList;
			buildConfigurations = (
				BF34EE431C5C8B6300EBB126 /* Debug */,
				BF34EE441C5C8B6300EBB126 /* Release */,
			);
			defaultConfigurationIsVisible = 0;
			defaultConfigurationName = Release;
		};
		BF34EE451C5C8B6300EBB126 /* Build configuration list for PBXNativeTarget "YottaUITests" */ = {
			isa = XCConfigurationList;
			buildConfigurations = (
				BF34EE461C5C8B6300EBB126 /* Debug */,
				BF34EE471C5C8B6300EBB126 /* Release */,
			);
			defaultConfigurationIsVisible = 0;
			defaultConfigurationName = Release;
		};
/* End XCConfigurationList section */
	};
	rootObject = BF34EE0F1C5C8B6200EBB126 /* Project object */;
}
